// !$*UTF8*$!
{
	archiveVersion = 1;
	classes = {
	};
	objectVersion = 46;
	objects = {

/* Begin PBXBuildFile section */
		C0D9CF9C1BF624DC00F88FDE /* GridFlowLayout.swift in Sources */ = {isa = PBXBuildFile; fileRef = C0D9CF9B1BF624DC00F88FDE /* GridFlowLayout.swift */; };
		C0E0FF921BF4E509005BDC42 /* AppDelegate.swift in Sources */ = {isa = PBXBuildFile; fileRef = C0E0FF911BF4E509005BDC42 /* AppDelegate.swift */; };
		C0E0FF9A1BF4E509005BDC42 /* Dudlz.xcdatamodeld in Sources */ = {isa = PBXBuildFile; fileRef = C0E0FF981BF4E509005BDC42 /* Dudlz.xcdatamodeld */; };
		C0E0FF9C1BF4E509005BDC42 /* Assets.xcassets in Resources */ = {isa = PBXBuildFile; fileRef = C0E0FF9B1BF4E509005BDC42 /* Assets.xcassets */; };
		C0E0FF9F1BF4E509005BDC42 /* LaunchScreen.storyboard in Resources */ = {isa = PBXBuildFile; fileRef = C0E0FF9D1BF4E509005BDC42 /* LaunchScreen.storyboard */; };
		C0E0FFAA1BF4E509005BDC42 /* DudlzTests.swift in Sources */ = {isa = PBXBuildFile; fileRef = C0E0FFA91BF4E509005BDC42 /* DudlzTests.swift */; };
		C0E0FFB51BF4E50A005BDC42 /* DudlzUITests.swift in Sources */ = {isa = PBXBuildFile; fileRef = C0E0FFB41BF4E50A005BDC42 /* DudlzUITests.swift */; };
/* End PBXBuildFile section */

/* Begin PBXContainerItemProxy section */
		C0E0FFA61BF4E509005BDC42 /* PBXContainerItemProxy */ = {
			isa = PBXContainerItemProxy;
			containerPortal = C0E0FF861BF4E509005BDC42 /* Project object */;
			proxyType = 1;
			remoteGlobalIDString = C0E0FF8D1BF4E509005BDC42;
			remoteInfo = Dudlz;
		};
		C0E0FFB11BF4E50A005BDC42 /* PBXContainerItemProxy */ = {
			isa = PBXContainerItemProxy;
			containerPortal = C0E0FF861BF4E509005BDC42 /* Project object */;
			proxyType = 1;
			remoteGlobalIDString = C0E0FF8D1BF4E509005BDC42;
			remoteInfo = Dudlz;
		};
/* End PBXContainerItemProxy section */

/* Begin PBXFileReference section */
		C0D9CF9B1BF624DC00F88FDE /* GridFlowLayout.swift */ = {isa = PBXFileReference; fileEncoding = 4; lastKnownFileType = sourcecode.swift; path = GridFlowLayout.swift; sourceTree = "<group>"; };
		C0E0FF8E1BF4E509005BDC42 /* Dudlz.app */ = {isa = PBXFileReference; explicitFileType = wrapper.application; includeInIndex = 0; path = Dudlz.app; sourceTree = BUILT_PRODUCTS_DIR; };
		C0E0FF911BF4E509005BDC42 /* AppDelegate.swift */ = {isa = PBXFileReference; lastKnownFileType = sourcecode.swift; path = AppDelegate.swift; sourceTree = "<group>"; };
		C0E0FF991BF4E509005BDC42 /* Dudlz.xcdatamodel */ = {isa = PBXFileReference; lastKnownFileType = wrapper.xcdatamodel; path = Dudlz.xcdatamodel; sourceTree = "<group>"; };
		C0E0FF9B1BF4E509005BDC42 /* Assets.xcassets */ = {isa = PBXFileReference; lastKnownFileType = folder.assetcatalog; path = Assets.xcassets; sourceTree = "<group>"; };
		C0E0FF9E1BF4E509005BDC42 /* Base */ = {isa = PBXFileReference; lastKnownFileType = file.storyboard; name = Base; path = Base.lproj/LaunchScreen.storyboard; sourceTree = "<group>"; };
		C0E0FFA01BF4E509005BDC42 /* Info.plist */ = {isa = PBXFileReference; lastKnownFileType = text.plist.xml; path = Info.plist; sourceTree = "<group>"; };
		C0E0FFA51BF4E509005BDC42 /* DudlzTests.xctest */ = {isa = PBXFileReference; explicitFileType = wrapper.cfbundle; includeInIndex = 0; path = DudlzTests.xctest; sourceTree = BUILT_PRODUCTS_DIR; };
		C0E0FFA91BF4E509005BDC42 /* DudlzTests.swift */ = {isa = PBXFileReference; lastKnownFileType = sourcecode.swift; path = DudlzTests.swift; sourceTree = "<group>"; };
		C0E0FFAB1BF4E509005BDC42 /* Info.plist */ = {isa = PBXFileReference; lastKnownFileType = text.plist.xml; path = Info.plist; sourceTree = "<group>"; };
		C0E0FFB01BF4E50A005BDC42 /* DudlzUITests.xctest */ = {isa = PBXFileReference; explicitFileType = wrapper.cfbundle; includeInIndex = 0; path = DudlzUITests.xctest; sourceTree = BUILT_PRODUCTS_DIR; };
		C0E0FFB41BF4E50A005BDC42 /* DudlzUITests.swift */ = {isa = PBXFileReference; lastKnownFileType = sourcecode.swift; path = DudlzUITests.swift; sourceTree = "<group>"; };
		C0E0FFB61BF4E50A005BDC42 /* Info.plist */ = {isa = PBXFileReference; lastKnownFileType = text.plist.xml; path = Info.plist; sourceTree = "<group>"; };
/* End PBXFileReference section */

/* Begin PBXFrameworksBuildPhase section */
		C0E0FF8B1BF4E509005BDC42 /* Frameworks */ = {
			isa = PBXFrameworksBuildPhase;
			buildActionMask = 2147483647;
			files = (
			);
			runOnlyForDeploymentPostprocessing = 0;
		};
		C0E0FFA21BF4E509005BDC42 /* Frameworks */ = {
			isa = PBXFrameworksBuildPhase;
			buildActionMask = 2147483647;
			files = (
			);
			runOnlyForDeploymentPostprocessing = 0;
		};
		C0E0FFAD1BF4E50A005BDC42 /* Frameworks */ = {
			isa = PBXFrameworksBuildPhase;
			buildActionMask = 2147483647;
			files = (
			);
			runOnlyForDeploymentPostprocessing = 0;
		};
/* End PBXFrameworksBuildPhase section */

/* Begin PBXGroup section */
		C0D9CF9A1BF6248D00F88FDE /* Controllers */ = {
			isa = PBXGroup;
			children = (
				C0D9CF9B1BF624DC00F88FDE /* GridFlowLayout.swift */,
			);
			name = Controllers;
			sourceTree = "<group>";
		};
		C0D9CF9D1BF62F6400F88FDE /* Layouts */ = {
			isa = PBXGroup;
			children = (
			);
			name = Layouts;
			sourceTree = "<group>";
		};
		C0E0FF851BF4E509005BDC42 = {
			isa = PBXGroup;
			children = (
				C0E0FF901BF4E509005BDC42 /* Dudlz */,
				C0E0FFA81BF4E509005BDC42 /* DudlzTests */,
				C0E0FFB31BF4E50A005BDC42 /* DudlzUITests */,
				C0E0FF8F1BF4E509005BDC42 /* Products */,
			);
			sourceTree = "<group>";
		};
		C0E0FF8F1BF4E509005BDC42 /* Products */ = {
			isa = PBXGroup;
			children = (
				C0E0FF8E1BF4E509005BDC42 /* Dudlz.app */,
				C0E0FFA51BF4E509005BDC42 /* DudlzTests.xctest */,
				C0E0FFB01BF4E50A005BDC42 /* DudlzUITests.xctest */,
			);
			name = Products;
			sourceTree = "<group>";
		};
		C0E0FF901BF4E509005BDC42 /* Dudlz */ = {
			isa = PBXGroup;
			children = (
				C0D9CF9D1BF62F6400F88FDE /* Layouts */,
				C0D9CF9A1BF6248D00F88FDE /* Controllers */,
				C0E0FF911BF4E509005BDC42 /* AppDelegate.swift */,
				C0E0FF9B1BF4E509005BDC42 /* Assets.xcassets */,
				C0E0FF9D1BF4E509005BDC42 /* LaunchScreen.storyboard */,
				C0E0FFA01BF4E509005BDC42 /* Info.plist */,
				C0E0FF981BF4E509005BDC42 /* Dudlz.xcdatamodeld */,
			);
			path = Dudlz;
			sourceTree = "<group>";
		};
		C0E0FFA81BF4E509005BDC42 /* DudlzTests */ = {
			isa = PBXGroup;
			children = (
				C0E0FFA91BF4E509005BDC42 /* DudlzTests.swift */,
				C0E0FFAB1BF4E509005BDC42 /* Info.plist */,
			);
			path = DudlzTests;
			sourceTree = "<group>";
		};
		C0E0FFB31BF4E50A005BDC42 /* DudlzUITests */ = {
			isa = PBXGroup;
			children = (
				C0E0FFB41BF4E50A005BDC42 /* DudlzUITests.swift */,
				C0E0FFB61BF4E50A005BDC42 /* Info.plist */,
			);
			path = DudlzUITests;
			sourceTree = "<group>";
		};
/* End PBXGroup section */

/* Begin PBXNativeTarget section */
		C0E0FF8D1BF4E509005BDC42 /* Dudlz */ = {
			isa = PBXNativeTarget;
			buildConfigurationList = C0E0FFB91BF4E50A005BDC42 /* Build configuration list for PBXNativeTarget "Dudlz" */;
			buildPhases = (
				C0E0FF8A1BF4E509005BDC42 /* Sources */,
				C0E0FF8B1BF4E509005BDC42 /* Frameworks */,
				C0E0FF8C1BF4E509005BDC42 /* Resources */,
			);
			buildRules = (
			);
			dependencies = (
			);
			name = Dudlz;
			productName = Dudlz;
			productReference = C0E0FF8E1BF4E509005BDC42 /* Dudlz.app */;
			productType = "com.apple.product-type.application";
		};
		C0E0FFA41BF4E509005BDC42 /* DudlzTests */ = {
			isa = PBXNativeTarget;
			buildConfigurationList = C0E0FFBC1BF4E50A005BDC42 /* Build configuration list for PBXNativeTarget "DudlzTests" */;
			buildPhases = (
				C0E0FFA11BF4E509005BDC42 /* Sources */,
				C0E0FFA21BF4E509005BDC42 /* Frameworks */,
				C0E0FFA31BF4E509005BDC42 /* Resources */,
			);
			buildRules = (
			);
			dependencies = (
				C0E0FFA71BF4E509005BDC42 /* PBXTargetDependency */,
			);
			name = DudlzTests;
			productName = DudlzTests;
			productReference = C0E0FFA51BF4E509005BDC42 /* DudlzTests.xctest */;
			productType = "com.apple.product-type.bundle.unit-test";
		};
		C0E0FFAF1BF4E50A005BDC42 /* DudlzUITests */ = {
			isa = PBXNativeTarget;
			buildConfigurationList = C0E0FFBF1BF4E50A005BDC42 /* Build configuration list for PBXNativeTarget "DudlzUITests" */;
			buildPhases = (
				C0E0FFAC1BF4E50A005BDC42 /* Sources */,
				C0E0FFAD1BF4E50A005BDC42 /* Frameworks */,
				C0E0FFAE1BF4E50A005BDC42 /* Resources */,
			);
			buildRules = (
			);
			dependencies = (
				C0E0FFB21BF4E50A005BDC42 /* PBXTargetDependency */,
			);
			name = DudlzUITests;
			productName = DudlzUITests;
			productReference = C0E0FFB01BF4E50A005BDC42 /* DudlzUITests.xctest */;
			productType = "com.apple.product-type.bundle.ui-testing";
		};
/* End PBXNativeTarget section */

/* Begin PBXProject section */
		C0E0FF861BF4E509005BDC42 /* Project object */ = {
			isa = PBXProject;
			attributes = {
				LastSwiftUpdateCheck = 0710;
				LastUpgradeCheck = 0710;
				ORGANIZATIONNAME = "Rohan Jansen";
				TargetAttributes = {
					C0E0FF8D1BF4E509005BDC42 = {
						CreatedOnToolsVersion = 7.1;
					};
					C0E0FFA41BF4E509005BDC42 = {
						CreatedOnToolsVersion = 7.1;
						TestTargetID = C0E0FF8D1BF4E509005BDC42;
					};
					C0E0FFAF1BF4E50A005BDC42 = {
						CreatedOnToolsVersion = 7.1;
						TestTargetID = C0E0FF8D1BF4E509005BDC42;
					};
				};
			};
			buildConfigurationList = C0E0FF891BF4E509005BDC42 /* Build configuration list for PBXProject "Dudlz" */;
			compatibilityVersion = "Xcode 3.2";
			developmentRegion = English;
			hasScannedForEncodings = 0;
			knownRegions = (
				en,
				Base,
			);
			mainGroup = C0E0FF851BF4E509005BDC42;
			productRefGroup = C0E0FF8F1BF4E509005BDC42 /* Products */;
			projectDirPath = "";
			projectRoot = "";
			targets = (
				C0E0FF8D1BF4E509005BDC42 /* Dudlz */,
				C0E0FFA41BF4E509005BDC42 /* DudlzTests */,
				C0E0FFAF1BF4E50A005BDC42 /* DudlzUITests */,
			);
		};
/* End PBXProject section */

/* Begin PBXResourcesBuildPhase section */
		C0E0FF8C1BF4E509005BDC42 /* Resources */ = {
			isa = PBXResourcesBuildPhase;
			buildActionMask = 2147483647;
			files = (
				C0E0FF9F1BF4E509005BDC42 /* LaunchScreen.storyboard in Resources */,
				C0E0FF9C1BF4E509005BDC42 /* Assets.xcassets in Resources */,
			);
			runOnlyForDeploymentPostprocessing = 0;
		};
		C0E0FFA31BF4E509005BDC42 /* Resources */ = {
			isa = PBXResourcesBuildPhase;
			buildActionMask = 2147483647;
			files = (
			);
			runOnlyForDeploymentPostprocessing = 0;
		};
		C0E0FFAE1BF4E50A005BDC42 /* Resources */ = {
			isa = PBXResourcesBuildPhase;
			buildActionMask = 2147483647;
			files = (
			);
			runOnlyForDeploymentPostprocessing = 0;
		};
/* End PBXResourcesBuildPhase section */

/* Begin PBXSourcesBuildPhase section */
		C0E0FF8A1BF4E509005BDC42 /* Sources */ = {
			isa = PBXSourcesBuildPhase;
			buildActionMask = 2147483647;
			files = (
				C0E0FF921BF4E509005BDC42 /* AppDelegate.swift in Sources */,
				C0E0FF9A1BF4E509005BDC42 /* Dudlz.xcdatamodeld in Sources */,
				C0D9CF9C1BF624DC00F88FDE /* GridFlowLayout.swift in Sources */,
			);
			runOnlyForDeploymentPostprocessing = 0;
		};
		C0E0FFA11BF4E509005BDC42 /* Sources */ = {
			isa = PBXSourcesBuildPhase;
			buildActionMask = 2147483647;
			files = (
				C0E0FFAA1BF4E509005BDC42 /* DudlzTests.swift in Sources */,
			);
			runOnlyForDeploymentPostprocessing = 0;
		};
		C0E0FFAC1BF4E50A005BDC42 /* Sources */ = {
			isa = PBXSourcesBuildPhase;
			buildActionMask = 2147483647;
			files = (
				C0E0FFB51BF4E50A005BDC42 /* DudlzUITests.swift in Sources */,
			);
			runOnlyForDeploymentPostprocessing = 0;
		};
/* End PBXSourcesBuildPhase section */

/* Begin PBXTargetDependency section */
		C0E0FFA71BF4E509005BDC42 /* PBXTargetDependency */ = {
			isa = PBXTargetDependency;
			target = C0E0FF8D1BF4E509005BDC42 /* Dudlz */;
			targetProxy = C0E0FFA61BF4E509005BDC42 /* PBXContainerItemProxy */;
		};
		C0E0FFB21BF4E50A005BDC42 /* PBXTargetDependency */ = {
			isa = PBXTargetDependency;
			target = C0E0FF8D1BF4E509005BDC42 /* Dudlz */;
			targetProxy = C0E0FFB11BF4E50A005BDC42 /* PBXContainerItemProxy */;
		};
/* End PBXTargetDependency section */

/* Begin PBXVariantGroup section */
		C0E0FF9D1BF4E509005BDC42 /* LaunchScreen.storyboard */ = {
			isa = PBXVariantGroup;
			children = (
				C0E0FF9E1BF4E509005BDC42 /* Base */,
			);
			name = LaunchScreen.storyboard;
			sourceTree = "<group>";
		};
/* End PBXVariantGroup section */

/* Begin XCBuildConfiguration section */
		C0E0FFB71BF4E50A005BDC42 /* Debug */ = {
			isa = XCBuildConfiguration;
			buildSettings = {
				ALWAYS_SEARCH_USER_PATHS = NO;
				CLANG_CXX_LANGUAGE_STANDARD = "gnu++0x";
				CLANG_CXX_LIBRARY = "libc++";
				CLANG_ENABLE_MODULES = YES;
				CLANG_ENABLE_OBJC_ARC = YES;
				CLANG_WARN_BOOL_CONVERSION = YES;
				CLANG_WARN_CONSTANT_CONVERSION = YES;
				CLANG_WARN_DIRECT_OBJC_ISA_USAGE = YES_ERROR;
				CLANG_WARN_EMPTY_BODY = YES;
				CLANG_WARN_ENUM_CONVERSION = YES;
				CLANG_WARN_INT_CONVERSION = YES;
				CLANG_WARN_OBJC_ROOT_CLASS = YES_ERROR;
				CLANG_WARN_UNREACHABLE_CODE = YES;
				CLANG_WARN__DUPLICATE_METHOD_MATCH = YES;
				"CODE_SIGN_IDENTITY[sdk=iphoneos*]" = "iPhone Developer";
				COPY_PHASE_STRIP = NO;
				DEBUG_INFORMATION_FORMAT = dwarf;
				ENABLE_STRICT_OBJC_MSGSEND = YES;
				ENABLE_TESTABILITY = YES;
				GCC_C_LANGUAGE_STANDARD = gnu99;
				GCC_DYNAMIC_NO_PIC = NO;
				GCC_NO_COMMON_BLOCKS = YES;
				GCC_OPTIMIZATION_LEVEL = 0;
				GCC_PREPROCESSOR_DEFINITIONS = (
					"DEBUG=1",
					"$(inherited)",
				);
				GCC_WARN_64_TO_32_BIT_CONVERSION = YES;
				GCC_WARN_ABOUT_RETURN_TYPE = YES_ERROR;
				GCC_WARN_UNDECLARED_SELECTOR = YES;
				GCC_WARN_UNINITIALIZED_AUTOS = YES_AGGRESSIVE;
				GCC_WARN_UNUSED_FUNCTION = YES;
				GCC_WARN_UNUSED_VARIABLE = YES;
				IPHONEOS_DEPLOYMENT_TARGET = 9.1;
				MTL_ENABLE_DEBUG_INFO = YES;
				ONLY_ACTIVE_ARCH = YES;
				SDKROOT = iphoneos;
				SWIFT_OPTIMIZATION_LEVEL = "-Onone";
				TARGETED_DEVICE_FAMILY = "1,2";
			};
			name = Debug;
		};
		C0E0FFB81BF4E50A005BDC42 /* Release */ = {
			isa = XCBuildConfiguration;
			buildSettings = {
				ALWAYS_SEARCH_USER_PATHS = NO;
				CLANG_CXX_LANGUAGE_STANDARD = "gnu++0x";
				CLANG_CXX_LIBRARY = "libc++";
				CLANG_ENABLE_MODULES = YES;
				CLANG_ENABLE_OBJC_ARC = YES;
				CLANG_WARN_BOOL_CONVERSION = YES;
				CLANG_WARN_CONSTANT_CONVERSION = YES;
				CLANG_WARN_DIRECT_OBJC_ISA_USAGE = YES_ERROR;
				CLANG_WARN_EMPTY_BODY = YES;
				CLANG_WARN_ENUM_CONVERSION = YES;
				CLANG_WARN_INT_CONVERSION = YES;
				CLANG_WARN_OBJC_ROOT_CLASS = YES_ERROR;
				CLANG_WARN_UNREACHABLE_CODE = YES;
				CLANG_WARN__DUPLICATE_METHOD_MATCH = YES;
				"CODE_SIGN_IDENTITY[sdk=iphoneos*]" = "iPhone Developer";
				COPY_PHASE_STRIP = NO;
				DEBUG_INFORMATION_FORMAT = "dwarf-with-dsym";
				ENABLE_NS_ASSERTIONS = NO;
				ENABLE_STRICT_OBJC_MSGSEND = YES;
				GCC_C_LANGUAGE_STANDARD = gnu99;
				GCC_NO_COMMON_BLOCKS = YES;
				GCC_WARN_64_TO_32_BIT_CONVERSION = YES;
				GCC_WARN_ABOUT_RETURN_TYPE = YES_ERROR;
				GCC_WARN_UNDECLARED_SELECTOR = YES;
				GCC_WARN_UNINITIALIZED_AUTOS = YES_AGGRESSIVE;
				GCC_WARN_UNUSED_FUNCTION = YES;
				GCC_WARN_UNUSED_VARIABLE = YES;
				IPHONEOS_DEPLOYMENT_TARGET = 9.1;
				MTL_ENABLE_DEBUG_INFO = NO;
				SDKROOT = iphoneos;
				TARGETED_DEVICE_FAMILY = "1,2";
				VALIDATE_PRODUCT = YES;
			};
			name = Release;
		};
		C0E0FFBA1BF4E50A005BDC42 /* Debug */ = {
			isa = XCBuildConfiguration;
			buildSettings = {
				ASSETCATALOG_COMPILER_APPICON_NAME = AppIcon;
				INFOPLIST_FILE = Dudlz/Info.plist;
				IPHONEOS_DEPLOYMENT_TARGET = 9.1;
				LD_RUNPATH_SEARCH_PATHS = "$(inherited) @executable_path/Frameworks";
				PRODUCT_BUNDLE_IDENTIFIER = za.co.yoco.Dudlz;
				PRODUCT_NAME = "$(TARGET_NAME)";
			};
			name = Debug;
		};
		C0E0FFBB1BF4E50A005BDC42 /* Release */ = {
			isa = XCBuildConfiguration;
			buildSettings = {
				ASSETCATALOG_COMPILER_APPICON_NAME = AppIcon;
				INFOPLIST_FILE = Dudlz/Info.plist;
				IPHONEOS_DEPLOYMENT_TARGET = 9.1;
				LD_RUNPATH_SEARCH_PATHS = "$(inherited) @executable_path/Frameworks";
				PRODUCT_BUNDLE_IDENTIFIER = za.co.yoco.Dudlz;
				PRODUCT_NAME = "$(TARGET_NAME)";
			};
			name = Release;
		};
		C0E0FFBD1BF4E50A005BDC42 /* Debug */ = {
			isa = XCBuildConfiguration;
			buildSettings = {
				BUNDLE_LOADER = "$(TEST_HOST)";
				INFOPLIST_FILE = DudlzTests/Info.plist;
				LD_RUNPATH_SEARCH_PATHS = "$(inherited) @executable_path/Frameworks @loader_path/Frameworks";
				PRODUCT_BUNDLE_IDENTIFIER = za.co.yoco.DudlzTests;
				PRODUCT_NAME = "$(TARGET_NAME)";
				TEST_HOST = "$(BUILT_PRODUCTS_DIR)/Dudlz.app/Dudlz";
			};
			name = Debug;
		};
		C0E0FFBE1BF4E50A005BDC42 /* Release */ = {
			isa = XCBuildConfiguration;
			buildSettings = {
				BUNDLE_LOADER = "$(TEST_HOST)";
				INFOPLIST_FILE = DudlzTests/Info.plist;
				LD_RUNPATH_SEARCH_PATHS = "$(inherited) @executable_path/Frameworks @loader_path/Frameworks";
				PRODUCT_BUNDLE_IDENTIFIER = za.co.yoco.DudlzTests;
				PRODUCT_NAME = "$(TARGET_NAME)";
				TEST_HOST = "$(BUILT_PRODUCTS_DIR)/Dudlz.app/Dudlz";
			};
			name = Release;
		};
		C0E0FFC01BF4E50A005BDC42 /* Debug */ = {
			isa = XCBuildConfiguration;
			buildSettings = {
				INFOPLIST_FILE = DudlzUITests/Info.plist;
				LD_RUNPATH_SEARCH_PATHS = "$(inherited) @executable_path/Frameworks @loader_path/Frameworks";
				PRODUCT_BUNDLE_IDENTIFIER = za.co.yoco.DudlzUITests;
				PRODUCT_NAME = "$(TARGET_NAME)";
				TEST_TARGET_NAME = Dudlz;
				USES_XCTRUNNER = YES;
			};
			name = Debug;
		};
		C0E0FFC11BF4E50A005BDC42 /* Release */ = {
			isa = XCBuildConfiguration;
			buildSettings = {
				INFOPLIST_FILE = DudlzUITests/Info.plist;
				LD_RUNPATH_SEARCH_PATHS = "$(inherited) @executable_path/Frameworks @loader_path/Frameworks";
				PRODUCT_BUNDLE_IDENTIFIER = za.co.yoco.DudlzUITests;
				PRODUCT_NAME = "$(TARGET_NAME)";
				TEST_TARGET_NAME = Dudlz;
				USES_XCTRUNNER = YES;
			};
			name = Release;
		};
/* End XCBuildConfiguration section */

/* Begin XCConfigurationList section */
		C0E0FF891BF4E509005BDC42 /* Build configuration list for PBXProject "Dudlz" */ = {
			isa = XCConfigurationList;
			buildConfigurations = (
				C0E0FFB71BF4E50A005BDC42 /* Debug */,
				C0E0FFB81BF4E50A005BDC42 /* Release */,
			);
			defaultConfigurationIsVisible = 0;
			defaultConfigurationName = Release;
		};
		C0E0FFB91BF4E50A005BDC42 /* Build configuration list for PBXNativeTarget "Dudlz" */ = {
			isa = XCConfigurationList;
			buildConfigurations = (
				C0E0FFBA1BF4E50A005BDC42 /* Debug */,
				C0E0FFBB1BF4E50A005BDC42 /* Release */,
			);
			defaultConfigurationIsVisible = 0;
			defaultConfigurationName = Release;
		};
		C0E0FFBC1BF4E50A005BDC42 /* Build configuration list for PBXNativeTarget "DudlzTests" */ = {
			isa = XCConfigurationList;
			buildConfigurations = (
				C0E0FFBD1BF4E50A005BDC42 /* Debug */,
				C0E0FFBE1BF4E50A005BDC42 /* Release */,
			);
			defaultConfigurationIsVisible = 0;
			defaultConfigurationName = Release;
		};
		C0E0FFBF1BF4E50A005BDC42 /* Build configuration list for PBXNativeTarget "DudlzUITests" */ = {
			isa = XCConfigurationList;
			buildConfigurations = (
				C0E0FFC01BF4E50A005BDC42 /* Debug */,
				C0E0FFC11BF4E50A005BDC42 /* Release */,
			);
			defaultConfigurationIsVisible = 0;
			defaultConfigurationName = Release;
		};
/* End XCConfigurationList section */

/* Begin XCVersionGroup section */
		C0E0FF981BF4E509005BDC42 /* Dudlz.xcdatamodeld */ = {
			isa = XCVersionGroup;
			children = (
				C0E0FF991BF4E509005BDC42 /* Dudlz.xcdatamodel */,
			);
			currentVersion = C0E0FF991BF4E509005BDC42 /* Dudlz.xcdatamodel */;
			path = Dudlz.xcdatamodeld;
			sourceTree = "<group>";
			versionGroupType = wrapper.xcdatamodel;
		};
/* End XCVersionGroup section */
	};
	rootObject = C0E0FF861BF4E509005BDC42 /* Project object */;
}
